{
  "name": "wprotate",
  "version": "0.1.0",
  "lockfileVersion": 1,
  "requires": true,
  "dependencies": {
    "fs-xattr": {
      "version": "0.1.15",
      "resolved": "https://registry.npmjs.org/fs-xattr/-/fs-xattr-0.1.15.tgz",
      "integrity": "sha1-huFirCcn5msi/LtF69IMV5Pnq/Q="
    },
    "lodash": {
      "version": "4.17.21",
      "resolved": "https://registry.npmjs.org/lodash/-/lodash-4.17.21.tgz",
      "integrity": "sha512-v2kDEe57lecTulaDIuNTPy3Ry4gLGJ6Z1O3vE1krgXZNrsQ+LFTGHVxVjcXPs17LhbZVGedAJv8XZ1tvj5FvSg=="
    },
    "wallpaper": {
      "version": "2.4.0",
      "resolved": "https://registry.npmjs.org/wallpaper/-/wallpaper-2.4.0.tgz",
      "integrity": "sha1-hyMocYwtk/9C8XAHwmaeJ2/bMog="
    }
  }
}
