{
  "name": "wprotate",
  "version": "0.1.0",
  "lockfileVersion": 1,
  "requires": true,
  "dependencies": {
    "fs-xattr": {
      "version": "0.1.15",
      "resolved": "https://registry.npmjs.org/fs-xattr/-/fs-xattr-0.1.15.tgz",
      "integrity": "sha1-huFirCcn5msi/LtF69IMV5Pnq/Q="
    },
    "lodash": {
      "version": "4.17.12",
      "resolved": "https://registry.npmjs.org/lodash/-/lodash-4.17.12.tgz",
      "integrity": "sha512-+CiwtLnsJhX03p20mwXuvhoebatoh5B3tt+VvYlrPgZC1g36y+RRbkufX95Xa+X4I59aWEacDFYwnJZiyBh9gA=="
    },
    "nan": {
      "version": "2.6.2",
      "resolved": "https://registry.npmjs.org/nan/-/nan-2.6.2.tgz",
      "integrity": "sha1-5P805slf37WuzAjeZZb0NgWn20U="
    },
    "pify": {
      "version": "2.3.0",
      "resolved": "https://registry.npmjs.org/pify/-/pify-2.3.0.tgz",
      "integrity": "sha1-7RQaasBDqEnqWISY59yosVMw6Qw="
    },
    "wallpaper": {
      "version": "2.4.0",
      "resolved": "https://registry.npmjs.org/wallpaper/-/wallpaper-2.4.0.tgz",
      "integrity": "sha1-hyMocYwtk/9C8XAHwmaeJ2/bMog="
    }
  }
}
